// !$*UTF8*$!
{
	archiveVersion = 1;
	classes = {
	};
	objectVersion = 46;
	objects = {

/* Begin PBXBuildFile section */
		0D80D3D61BE1D7F60027A9FE /* main.cpp in Sources */ = {isa = PBXBuildFile; fileRef = 0D80D3D51BE1D7F60027A9FE /* main.cpp */; };
		0D80D3E41BE1D8290027A9FE /* mission.cpp in Sources */ = {isa = PBXBuildFile; fileRef = 0D80D3DE1BE1D8290027A9FE /* mission.cpp */; };
		0D80D3E51BE1D8290027A9FE /* sensor.cpp in Sources */ = {isa = PBXBuildFile; fileRef = 0D80D3E01BE1D8290027A9FE /* sensor.cpp */; };
		0D80D3EC1BE1DBAF0027A9FE /* AOI.cpp in Sources */ = {isa = PBXBuildFile; fileRef = 0D80D3EA1BE1DBAF0027A9FE /* AOI.cpp */; };
/* End PBXBuildFile section */

/* Begin PBXCopyFilesBuildPhase section */
		0D80D3D01BE1D7F60027A9FE /* CopyFiles */ = {
			isa = PBXCopyFilesBuildPhase;
			buildActionMask = 2147483647;
			dstPath = /usr/share/man/man1/;
			dstSubfolderSpec = 0;
			files = (
			);
			runOnlyForDeploymentPostprocessing = 1;
		};
/* End PBXCopyFilesBuildPhase section */

/* Begin PBXFileReference section */
		0D80D3D21BE1D7F60027A9FE /* algo_proj_take2 */ = {isa = PBXFileReference; explicitFileType = "compiled.mach-o.executable"; includeInIndex = 0; path = algo_proj_take2; sourceTree = BUILT_PRODUCTS_DIR; };
		0D80D3D51BE1D7F60027A9FE /* main.cpp */ = {isa = PBXFileReference; lastKnownFileType = sourcecode.cpp.cpp; path = main.cpp; sourceTree = "<group>"; };
		0D80D3DE1BE1D8290027A9FE /* mission.cpp */ = {isa = PBXFileReference; fileEncoding = 4; lastKnownFileType = sourcecode.cpp.cpp; path = mission.cpp; sourceTree = "<group>"; };
		0D80D3DF1BE1D8290027A9FE /* mission.h */ = {isa = PBXFileReference; fileEncoding = 4; lastKnownFileType = sourcecode.c.h; path = mission.h; sourceTree = "<group>"; };
		0D80D3E01BE1D8290027A9FE /* sensor.cpp */ = {isa = PBXFileReference; fileEncoding = 4; lastKnownFileType = sourcecode.cpp.cpp; path = sensor.cpp; sourceTree = "<group>"; };
		0D80D3E11BE1D8290027A9FE /* sensor.h */ = {isa = PBXFileReference; fileEncoding = 4; lastKnownFileType = sourcecode.c.h; path = sensor.h; sourceTree = "<group>"; };
		0D80D3EA1BE1DBAF0027A9FE /* AOI.cpp */ = {isa = PBXFileReference; fileEncoding = 4; lastKnownFileType = sourcecode.cpp.cpp; path = AOI.cpp; sourceTree = "<group>"; };
		0D80D3EB1BE1DBAF0027A9FE /* AOI.h */ = {isa = PBXFileReference; fileEncoding = 4; lastKnownFileType = sourcecode.c.h; path = AOI.h; sourceTree = "<group>"; };
/* End PBXFileReference section */

/* Begin PBXFrameworksBuildPhase section */
		0D80D3CF1BE1D7F60027A9FE /* Frameworks */ = {
			isa = PBXFrameworksBuildPhase;
			buildActionMask = 2147483647;
			files = (
			);
			runOnlyForDeploymentPostprocessing = 0;
		};
/* End PBXFrameworksBuildPhase section */

/* Begin PBXGroup section */
		0D80D3C91BE1D7F60027A9FE = {
			isa = PBXGroup;
			children = (
				0D80D3D41BE1D7F60027A9FE /* algo_proj_take2 */,
				0D80D3D31BE1D7F60027A9FE /* Products */,
			);
			sourceTree = "<group>";
		};
		0D80D3D31BE1D7F60027A9FE /* Products */ = {
			isa = PBXGroup;
			children = (
				0D80D3D21BE1D7F60027A9FE /* algo_proj_take2 */,
			);
			name = Products;
			sourceTree = "<group>";
		};
		0D80D3D41BE1D7F60027A9FE /* algo_proj_take2 */ = {
			isa = PBXGroup;
			children = (
				0D80D3EA1BE1DBAF0027A9FE /* AOI.cpp */,
				0D80D3EB1BE1DBAF0027A9FE /* AOI.h */,
				0D80D3DE1BE1D8290027A9FE /* mission.cpp */,
				0D80D3DF1BE1D8290027A9FE /* mission.h */,
				0D80D3E01BE1D8290027A9FE /* sensor.cpp */,
				0D80D3E11BE1D8290027A9FE /* sensor.h */,
				0D80D3D51BE1D7F60027A9FE /* main.cpp */,
			);
			path = algo_proj_take2;
			sourceTree = "<group>";
		};
/* End PBXGroup section */

/* Begin PBXNativeTarget section */
		0D80D3D11BE1D7F60027A9FE /* algo_proj_take2 */ = {
			isa = PBXNativeTarget;
			buildConfigurationList = 0D80D3D91BE1D7F60027A9FE /* Build configuration list for PBXNativeTarget "algo_proj_take2" */;
			buildPhases = (
				0D80D3CE1BE1D7F60027A9FE /* Sources */,
				0D80D3CF1BE1D7F60027A9FE /* Frameworks */,
				0D80D3D01BE1D7F60027A9FE /* CopyFiles */,
			);
			buildRules = (
			);
			dependencies = (
			);
			name = algo_proj_take2;
			productName = algo_proj_take2;
			productReference = 0D80D3D21BE1D7F60027A9FE /* algo_proj_take2 */;
			productType = "com.apple.product-type.tool";
		};
/* End PBXNativeTarget section */

/* Begin PBXProject section */
		0D80D3CA1BE1D7F60027A9FE /* Project object */ = {
			isa = PBXProject;
			attributes = {
				LastUpgradeCheck = 0710;
				ORGANIZATIONNAME = "Trevor Ross";
				TargetAttributes = {
					0D80D3D11BE1D7F60027A9FE = {
						CreatedOnToolsVersion = 7.1;
					};
				};
			};
			buildConfigurationList = 0D80D3CD1BE1D7F60027A9FE /* Build configuration list for PBXProject "algo_proj_take2" */;
			compatibilityVersion = "Xcode 3.2";
			developmentRegion = English;
			hasScannedForEncodings = 0;
			knownRegions = (
				en,
			);
			mainGroup = 0D80D3C91BE1D7F60027A9FE;
			productRefGroup = 0D80D3D31BE1D7F60027A9FE /* Products */;
			projectDirPath = "";
			projectRoot = "";
			targets = (
				0D80D3D11BE1D7F60027A9FE /* algo_proj_take2 */,
			);
		};
/* End PBXProject section */

/* Begin PBXSourcesBuildPhase section */
		0D80D3CE1BE1D7F60027A9FE /* Sources */ = {
			isa = PBXSourcesBuildPhase;
			buildActionMask = 2147483647;
			files = (
				0D80D3E41BE1D8290027A9FE /* mission.cpp in Sources */,
				0D80D3EC1BE1DBAF0027A9FE /* AOI.cpp in Sources */,
				0D80D3E51BE1D8290027A9FE /* sensor.cpp in Sources */,
				0D80D3D61BE1D7F60027A9FE /* main.cpp in Sources */,
			);
			runOnlyForDeploymentPostprocessing = 0;
		};
/* End PBXSourcesBuildPhase section */

/* Begin XCBuildConfiguration section */
		0D80D3D71BE1D7F60027A9FE /* Debug */ = {
			isa = XCBuildConfiguration;
			buildSettings = {
				ALWAYS_SEARCH_USER_PATHS = NO;
				CLANG_CXX_LANGUAGE_STANDARD = "gnu++0x";
				CLANG_CXX_LIBRARY = "libc++";
				CLANG_ENABLE_MODULES = YES;
				CLANG_ENABLE_OBJC_ARC = YES;
				CLANG_WARN_BOOL_CONVERSION = YES;
				CLANG_WARN_CONSTANT_CONVERSION = YES;
				CLANG_WARN_DIRECT_OBJC_ISA_USAGE = YES_ERROR;
				CLANG_WARN_EMPTY_BODY = YES;
				CLANG_WARN_ENUM_CONVERSION = YES;
				CLANG_WARN_INT_CONVERSION = YES;
				CLANG_WARN_OBJC_ROOT_CLASS = YES_ERROR;
				CLANG_WARN_UNREACHABLE_CODE = YES;
				CLANG_WARN__DUPLICATE_METHOD_MATCH = YES;
				CODE_SIGN_IDENTITY = "-";
				COPY_PHASE_STRIP = NO;
				DEBUG_INFORMATION_FORMAT = dwarf;
				ENABLE_STRICT_OBJC_MSGSEND = YES;
				ENABLE_TESTABILITY = YES;
				GCC_C_LANGUAGE_STANDARD = gnu99;
				GCC_DYNAMIC_NO_PIC = NO;
				GCC_NO_COMMON_BLOCKS = YES;
				GCC_OPTIMIZATION_LEVEL = 0;
				GCC_PREPROCESSOR_DEFINITIONS = (
					"DEBUG=1",
					"$(inherited)",
				);
				GCC_WARN_64_TO_32_BIT_CONVERSION = YES;
				GCC_WARN_ABOUT_RETURN_TYPE = YES_ERROR;
				GCC_WARN_UNDECLARED_SELECTOR = YES;
				GCC_WARN_UNINITIALIZED_AUTOS = YES_AGGRESSIVE;
				GCC_WARN_UNUSED_FUNCTION = YES;
				GCC_WARN_UNUSED_VARIABLE = YES;
				MACOSX_DEPLOYMENT_TARGET = 10.11;
				MTL_ENABLE_DEBUG_INFO = YES;
				ONLY_ACTIVE_ARCH = YES;
				SDKROOT = macosx;
			};
			name = Debug;
		};
		0D80D3D81BE1D7F60027A9FE /* Release */ = {
			isa = XCBuildConfiguration;
			buildSettings = {
				ALWAYS_SEARCH_USER_PATHS = NO;
				CLANG_CXX_LANGUAGE_STANDARD = "gnu++0x";
				CLANG_CXX_LIBRARY = "libc++";
				CLANG_ENABLE_MODULES = YES;
				CLANG_ENABLE_OBJC_ARC = YES;
				CLANG_WARN_BOOL_CONVERSION = YES;
				CLANG_WARN_CONSTANT_CONVERSION = YES;
				CLANG_WARN_DIRECT_OBJC_ISA_USAGE = YES_ERROR;
				CLANG_WARN_EMPTY_BODY = YES;
				CLANG_WARN_ENUM_CONVERSION = YES;
				CLANG_WARN_INT_CONVERSION = YES;
				CLANG_WARN_OBJC_ROOT_CLASS = YES_ERROR;
				CLANG_WARN_UNREACHABLE_CODE = YES;
				CLANG_WARN__DUPLICATE_METHOD_MATCH = YES;
				CODE_SIGN_IDENTITY = "-";
				COPY_PHASE_STRIP = NO;
				DEBUG_INFORMATION_FORMAT = "dwarf-with-dsym";
				ENABLE_NS_ASSERTIONS = NO;
				ENABLE_STRICT_OBJC_MSGSEND = YES;
				GCC_C_LANGUAGE_STANDARD = gnu99;
				GCC_NO_COMMON_BLOCKS = YES;
				GCC_WARN_64_TO_32_BIT_CONVERSION = YES;
				GCC_WARN_ABOUT_RETURN_TYPE = YES_ERROR;
				GCC_WARN_UNDECLARED_SELECTOR = YES;
				GCC_WARN_UNINITIALIZED_AUTOS = YES_AGGRESSIVE;
				GCC_WARN_UNUSED_FUNCTION = YES;
				GCC_WARN_UNUSED_VARIABLE = YES;
				MACOSX_DEPLOYMENT_TARGET = 10.11;
				MTL_ENABLE_DEBUG_INFO = NO;
				SDKROOT = macosx;
			};
			name = Release;
		};
		0D80D3DA1BE1D7F60027A9FE /* Debug */ = {
			isa = XCBuildConfiguration;
			buildSettings = {
				PRODUCT_NAME = "$(TARGET_NAME)";
			};
			name = Debug;
		};
		0D80D3DB1BE1D7F60027A9FE /* Release */ = {
			isa = XCBuildConfiguration;
			buildSettings = {
				PRODUCT_NAME = "$(TARGET_NAME)";
			};
			name = Release;
		};
/* End XCBuildConfiguration section */

/* Begin XCConfigurationList section */
		0D80D3CD1BE1D7F60027A9FE /* Build configuration list for PBXProject "algo_proj_take2" */ = {
			isa = XCConfigurationList;
			buildConfigurations = (
				0D80D3D71BE1D7F60027A9FE /* Debug */,
				0D80D3D81BE1D7F60027A9FE /* Release */,
			);
			defaultConfigurationIsVisible = 0;
			defaultConfigurationName = Release;
		};
		0D80D3D91BE1D7F60027A9FE /* Build configuration list for PBXNativeTarget "algo_proj_take2" */ = {
			isa = XCConfigurationList;
			buildConfigurations = (
				0D80D3DA1BE1D7F60027A9FE /* Debug */,
				0D80D3DB1BE1D7F60027A9FE /* Release */,
			);
			defaultConfigurationIsVisible = 0;
		};
/* End XCConfigurationList section */
	};
	rootObject = 0D80D3CA1BE1D7F60027A9FE /* Project object */;
}
